
Microsoft Visual Studio Solution File, Format Version 12.00
# Visual Studio Version 17
VisualStudioVersion = 17.11.35208.52
MinimumVisualStudioVersion = 10.0.40219.1
Project("{FAE04EC0-301F-11D3-BF4B-00C04F79EFBC}") = "SAT.UI.MVC", "SAT.UI.MVC\SAT.UI.MVC.csproj", "{4724676D-E675-4864-B843-FEDE1C5774BD}"
EndProject
Project("{FAE04EC0-301F-11D3-BF4B-00C04F79EFBC}") = "SAT.DATA.EF", "SAT.DATA.EF\SAT.DATA.EF.csproj", "{E3933CFC-E451-4505-8A56-59F2FDA706C8}"
EndProject
Global
	GlobalSection(SolutionConfigurationPlatforms) = preSolution
		Debug|Any CPU = Debug|Any CPU
		Release|Any CPU = Release|Any CPU
	EndGlobalSection
	GlobalSection(ProjectConfigurationPlatforms) = postSolution
		{4724676D-E675-4864-B843-FEDE1C5774BD}.Debug|Any CPU.ActiveCfg = Debug|Any CPU
		{4724676D-E675-4864-B843-FEDE1C5774BD}.Debug|Any CPU.Build.0 = Debug|Any CPU
		{4724676D-E675-4864-B843-FEDE1C5774BD}.Release|Any CPU.ActiveCfg = Release|Any CPU
		{4724676D-E675-4864-B843-FEDE1C5774BD}.Release|Any CPU.Build.0 = Release|Any CPU
		{E3933CFC-E451-4505-8A56-59F2FDA706C8}.Debug|Any CPU.ActiveCfg = Debug|Any CPU
		{E3933CFC-E451-4505-8A56-59F2FDA706C8}.Debug|Any CPU.Build.0 = Debug|Any CPU
		{E3933CFC-E451-4505-8A56-59F2FDA706C8}.Release|Any CPU.ActiveCfg = Release|Any CPU
		{E3933CFC-E451-4505-8A56-59F2FDA706C8}.Release|Any CPU.Build.0 = Release|Any CPU
	EndGlobalSection
	GlobalSection(SolutionProperties) = preSolution
		HideSolutionNode = FALSE
	EndGlobalSection
	GlobalSection(ExtensibilityGlobals) = postSolution
		SolutionGuid = {7E31C883-F264-43E1-B709-28C3C0E030B9}
	EndGlobalSection
EndGlobal
